
Microsoft Visual Studio Solution File, Format Version 12.00
# Visual Studio Version 17
VisualStudioVersion = 17.5.33502.453
MinimumVisualStudioVersion = 10.0.40219.1
Project("{FAE04EC0-301F-11D3-BF4B-00C04F79EFBC}") = "ChurchSystem", "ChurchSystem.csproj", "{FB2FE805-999D-4DD5-A311-CA03C23D46C4}"
EndProject
Global
	GlobalSection(SolutionConfigurationPlatforms) = preSolution
		Debug|Any CPU = Debug|Any CPU
		Release|Any CPU = Release|Any CPU
	EndGlobalSection
	GlobalSection(ProjectConfigurationPlatforms) = postSolution
		{FB2FE805-999D-4DD5-A311-CA03C23D46C4}.Debug|Any CPU.ActiveCfg = Debug|Any CPU
		{FB2FE805-999D-4DD5-A311-CA03C23D46C4}.Debug|Any CPU.Build.0 = Debug|Any CPU
		{FB2FE805-999D-4DD5-A311-CA03C23D46C4}.Release|Any CPU.ActiveCfg = Release|Any CPU
		{FB2FE805-999D-4DD5-A311-CA03C23D46C4}.Release|Any CPU.Build.0 = Release|Any CPU
	EndGlobalSection
	GlobalSection(SolutionProperties) = preSolution
		HideSolutionNode = FALSE
	EndGlobalSection
	GlobalSection(ExtensibilityGlobals) = postSolution
		SolutionGuid = {6445C909-1EA7-41B8-B7BD-E7D498EBBC5B}
	EndGlobalSection
EndGlobal
